
Microsoft Visual Studio Solution File, Format Version 12.00
# Visual Studio 15
VisualStudioVersion = 15.0.27428.2005
MinimumVisualStudioVersion = 10.0.40219.1
Project("{FAE04EC0-301F-11D3-BF4B-00C04F79EFBC}") = "CleverbotDiscord", "CleverbotDiscord\CleverbotDiscord.csproj", "{8B8F37B4-459B-4FB7-B5FD-BDF673ED82A2}"
EndProject
Global
	GlobalSection(SolutionConfigurationPlatforms) = preSolution
		Debug|Any CPU = Debug|Any CPU
		Release|Any CPU = Release|Any CPU
	EndGlobalSection
	GlobalSection(ProjectConfigurationPlatforms) = postSolution
		{8B8F37B4-459B-4FB7-B5FD-BDF673ED82A2}.Debug|Any CPU.ActiveCfg = Debug|Any CPU
		{8B8F37B4-459B-4FB7-B5FD-BDF673ED82A2}.Debug|Any CPU.Build.0 = Debug|Any CPU
		{8B8F37B4-459B-4FB7-B5FD-BDF673ED82A2}.Release|Any CPU.ActiveCfg = Release|Any CPU
		{8B8F37B4-459B-4FB7-B5FD-BDF673ED82A2}.Release|Any CPU.Build.0 = Release|Any CPU
	EndGlobalSection
	GlobalSection(SolutionProperties) = preSolution
		HideSolutionNode = FALSE
	EndGlobalSection
	GlobalSection(ExtensibilityGlobals) = postSolution
		SolutionGuid = {30D081DD-4919-4F8C-B12D-1F15E9BC65EE}
	EndGlobalSection
EndGlobal
